Microsoft Visual Studio Solution File, Format Version 12.00
# Visual Studio Version 17
VisualStudioVersion = 17.0.31903.59
MinimumVisualStudioVersion = 10.0.40219.1
Project("{FAE04EC0-301F-11D3-BF4B-00C04F79EFBC}") = "InsuranceSystem.SharedKernel", "src\SharedKernel\InsuranceSystem.SharedKernel\InsuranceSystem.SharedKernel.csproj", "{A1B2C3D4-E5F6-7890-ABCD-EF1234567890}"
EndProject
Project("{FAE04EC0-301F-11D3-BF4B-00C04F79EFBC}") = "InsuranceSystem.Modules.Billing.Domain", "src\Modules\Billing\InsuranceSystem.Modules.Billing.Domain\InsuranceSystem.Modules.Billing.Domain.csproj", "{B2C3D4E5-F678-90AB-CDEF-123456789012}"
EndProject
Project("{FAE04EC0-301F-11D3-BF4B-00C04F79EFBC}") = "InsuranceSystem.Modules.Billing.Infrastructure", "src\Modules\Billing\InsuranceSystem.Modules.Billing.Infrastructure\InsuranceSystem.Modules.Billing.Infrastructure.csproj", "{C3D4E5F6-7890-ABCD-EF12-345678901234}"
EndProject
Project("{FAE04EC0-301F-11D3-BF4B-00C04F79EFBC}") = "InsuranceSystem.Modules.Product.Domain", "src\Modules\Product\InsuranceSystem.Modules.Product.Domain\InsuranceSystem.Modules.Product.Domain.csproj", "{D4E5F678-90AB-CDEF-1234-567890123456}"
EndProject
Project("{FAE04EC0-301F-11D3-BF4B-00C04F79EFBC}") = "InsuranceSystem.Modules.Product.Infrastructure", "src\Modules\Product\InsuranceSystem.Modules.Product.Infrastructure\InsuranceSystem.Modules.Product.Infrastructure.csproj", "{E5F67890-ABCD-EF12-3456-789012345678}"
EndProject
Project("{FAE04EC0-301F-11D3-BF4B-00C04F79EFBC}") = "InsuranceSystem.Modules.Member.Domain", "src\Modules\Member\InsuranceSystem.Modules.Member.Domain\InsuranceSystem.Modules.Member.Domain.csproj", "{F6789012-CDEF-1234-5678-901234567890}"
EndProject
Project("{FAE04EC0-301F-11D3-BF4B-00C04F79EFBC}") = "InsuranceSystem.Modules.Member.Infrastructure", "src\Modules\Member\InsuranceSystem.Modules.Member.Infrastructure\InsuranceSystem.Modules.Member.Infrastructure.csproj", "{78901234-EF12-3456-7890-123456789ABC}"
EndProject
Project("{FAE04EC0-301F-11D3-BF4B-00C04F79EFBC}") = "InsuranceSystem.Modules.Contract.Domain", "src\Modules\Contract\InsuranceSystem.Modules.Contract.Domain\InsuranceSystem.Modules.Contract.Domain.csproj", "{89012345-1234-5678-90AB-CDEF12345678}"
EndProject
Project("{FAE04EC0-301F-11D3-BF4B-00C04F79EFBC}") = "InsuranceSystem.Modules.Contract.Infrastructure", "src\Modules\Contract\InsuranceSystem.Modules.Contract.Infrastructure\InsuranceSystem.Modules.Contract.Infrastructure.csproj", "{90123456-2345-6789-ABCD-EF1234567890}"
EndProject
Global
	GlobalSection(SolutionConfigurationPlatforms) = preSolution
		Debug|Any CPU = Debug|Any CPU
		Release|Any CPU = Release|Any CPU
	EndGlobalSection
	GlobalSection(ProjectConfigurationPlatforms) = postSolution
		{A1B2C3D4-E5F6-7890-ABCD-EF1234567890}.Debug|Any CPU.ActiveCfg = Debug|Any CPU
		{A1B2C3D4-E5F6-7890-ABCD-EF1234567890}.Debug|Any CPU.Build.0 = Debug|Any CPU
		{A1B2C3D4-E5F6-7890-ABCD-EF1234567890}.Release|Any CPU.ActiveCfg = Release|Any CPU
		{A1B2C3D4-E5F6-7890-ABCD-EF1234567890}.Release|Any CPU.Build.0 = Release|Any CPU
		{B2C3D4E5-F678-90AB-CDEF-123456789012}.Debug|Any CPU.ActiveCfg = Debug|Any CPU
		{B2C3D4E5-F678-90AB-CDEF-123456789012}.Debug|Any CPU.Build.0 = Debug|Any CPU
		{B2C3D4E5-F678-90AB-CDEF-123456789012}.Release|Any CPU.ActiveCfg = Release|Any CPU
		{B2C3D4E5-F678-90AB-CDEF-123456789012}.Release|Any CPU.Build.0 = Release|Any CPU
		{C3D4E5F6-7890-ABCD-EF12-345678901234}.Debug|Any CPU.ActiveCfg = Debug|Any CPU
		{C3D4E5F6-7890-ABCD-EF12-345678901234}.Debug|Any CPU.Build.0 = Debug|Any CPU
		{C3D4E5F6-7890-ABCD-EF12-345678901234}.Release|Any CPU.ActiveCfg = Release|Any CPU
		{C3D4E5F6-7890-ABCD-EF12-345678901234}.Release|Any CPU.Build.0 = Release|Any CPU
		{D4E5F678-90AB-CDEF-1234-567890123456}.Debug|Any CPU.ActiveCfg = Debug|Any CPU
		{D4E5F678-90AB-CDEF-1234-567890123456}.Debug|Any CPU.Build.0 = Debug|Any CPU
		{D4E5F678-90AB-CDEF-1234-567890123456}.Release|Any CPU.ActiveCfg = Release|Any CPU
		{D4E5F678-90AB-CDEF-1234-567890123456}.Release|Any CPU.Build.0 = Release|Any CPU
		{E5F67890-ABCD-EF12-3456-789012345678}.Debug|Any CPU.ActiveCfg = Debug|Any CPU
		{E5F67890-ABCD-EF12-3456-789012345678}.Debug|Any CPU.Build.0 = Debug|Any CPU
		{E5F67890-ABCD-EF12-3456-789012345678}.Release|Any CPU.ActiveCfg = Release|Any CPU
		{E5F67890-ABCD-EF12-3456-789012345678}.Release|Any CPU.Build.0 = Release|Any CPU
		{F6789012-CDEF-1234-5678-901234567890}.Debug|Any CPU.ActiveCfg = Debug|Any CPU
		{F6789012-CDEF-1234-5678-901234567890}.Debug|Any CPU.Build.0 = Debug|Any CPU
		{F6789012-CDEF-1234-5678-901234567890}.Release|Any CPU.ActiveCfg = Release|Any CPU
		{F6789012-CDEF-1234-5678-901234567890}.Release|Any CPU.Build.0 = Release|Any CPU
		{78901234-EF12-3456-7890-123456789ABC}.Debug|Any CPU.ActiveCfg = Debug|Any CPU
		{78901234-EF12-3456-7890-123456789ABC}.Debug|Any CPU.Build.0 = Debug|Any CPU
		{78901234-EF12-3456-7890-123456789ABC}.Release|Any CPU.ActiveCfg = Release|Any CPU
		{78901234-EF12-3456-7890-123456789ABC}.Release|Any CPU.Build.0 = Release|Any CPU
		{89012345-1234-5678-90AB-CDEF12345678}.Debug|Any CPU.ActiveCfg = Debug|Any CPU
		{89012345-1234-5678-90AB-CDEF12345678}.Debug|Any CPU.Build.0 = Debug|Any CPU
		{89012345-1234-5678-90AB-CDEF12345678}.Release|Any CPU.ActiveCfg = Release|Any CPU
		{89012345-1234-5678-90AB-CDEF12345678}.Release|Any CPU.Build.0 = Release|Any CPU
		{90123456-2345-6789-ABCD-EF1234567890}.Debug|Any CPU.ActiveCfg = Debug|Any CPU
		{90123456-2345-6789-ABCD-EF1234567890}.Debug|Any CPU.Build.0 = Debug|Any CPU
		{90123456-2345-6789-ABCD-EF1234567890}.Release|Any CPU.ActiveCfg = Release|Any CPU
		{90123456-2345-6789-ABCD-EF1234567890}.Release|Any CPU.Build.0 = Release|Any CPU
	EndGlobalSection
EndGlobal
